// !$*UTF8*$!
{
	archiveVersion = 1;
	classes = {
	};
	objectVersion = 77;
	objects = {

/* Begin PBXBuildFile section */
		FA54EDA42F858FD900CEDE1A /* CatalogModels.swift in Sources */ = {isa = PBXBuildFile; fileRef = FA54EDA32F858FD900CEDE1A /* CatalogModels.swift */; };
		FA54EDA62F858FE100CEDE1A /* CatalogParser.swift in Sources */ = {isa = PBXBuildFile; fileRef = FA54EDA52F858FE100CEDE1A /* CatalogParser.swift */; };
		FA54EDA82F858FFB00CEDE1A /* CatalogCacheStore.swift in Sources */ = {isa = PBXBuildFile; fileRef = FA54EDA72F858FFB00CEDE1A /* CatalogCacheStore.swift */; };
		FA54EDAA2F85900300CEDE1A /* CatalogRemoteDataSource.swift in Sources */ = {isa = PBXBuildFile; fileRef = FA54EDA92F85900300CEDE1A /* CatalogRemoteDataSource.swift */; };
		FAE8CA1A2F85271E0023458E /* SettingsView.swift in Sources */ = {isa = PBXBuildFile; fileRef = FAE8CA192F85271E0023458E /* SettingsView.swift */; };
		FAE8CA1E2F854A040023458E /* KeyboardDismissModifier.swift in Sources */ = {isa = PBXBuildFile; fileRef = FAE8CA1D2F854A040023458E /* KeyboardDismissModifier.swift */; };
/* End PBXBuildFile section */

/* Begin PBXContainerItemProxy section */
		FA49ECAF2F85085800521E9B /* PBXContainerItemProxy */ = {
			isa = PBXContainerItemProxy;
			containerPortal = FA49EC972F85085600521E9B /* Project object */;
			proxyType = 1;
			remoteGlobalIDString = FA49EC9E2F85085600521E9B;
			remoteInfo = EpisodeTracker;
		};
		FA49ECB92F85085800521E9B /* PBXContainerItemProxy */ = {
			isa = PBXContainerItemProxy;
			containerPortal = FA49EC972F85085600521E9B /* Project object */;
			proxyType = 1;
			remoteGlobalIDString = FA49EC9E2F85085600521E9B;
			remoteInfo = EpisodeTracker;
		};
/* End PBXContainerItemProxy section */

/* Begin PBXFileReference section */
		FA49EC9F2F85085600521E9B /* HoerspielLog.app */ = {isa = PBXFileReference; explicitFileType = wrapper.application; includeInIndex = 0; path = HoerspielLog.app; sourceTree = BUILT_PRODUCTS_DIR; };
		FA49ECAE2F85085800521E9B /* EpisodeTrackerTests.xctest */ = {isa = PBXFileReference; explicitFileType = wrapper.cfbundle; includeInIndex = 0; path = EpisodeTrackerTests.xctest; sourceTree = BUILT_PRODUCTS_DIR; };
		FA49ECB82F85085800521E9B /* EpisodeTrackerUITests.xctest */ = {isa = PBXFileReference; explicitFileType = wrapper.cfbundle; includeInIndex = 0; path = EpisodeTrackerUITests.xctest; sourceTree = BUILT_PRODUCTS_DIR; };
		FA54EDA32F858FD900CEDE1A /* CatalogModels.swift */ = {isa = PBXFileReference; lastKnownFileType = sourcecode.swift; path = CatalogModels.swift; sourceTree = "<group>"; };
		FA54EDA52F858FE100CEDE1A /* CatalogParser.swift */ = {isa = PBXFileReference; lastKnownFileType = sourcecode.swift; path = CatalogParser.swift; sourceTree = "<group>"; };
		FA54EDA72F858FFB00CEDE1A /* CatalogCacheStore.swift */ = {isa = PBXFileReference; lastKnownFileType = sourcecode.swift; path = CatalogCacheStore.swift; sourceTree = "<group>"; };
		FA54EDA92F85900300CEDE1A /* CatalogRemoteDataSource.swift */ = {isa = PBXFileReference; lastKnownFileType = sourcecode.swift; path = CatalogRemoteDataSource.swift; sourceTree = "<group>"; };
		FAE8CA192F85271E0023458E /* SettingsView.swift */ = {isa = PBXFileReference; lastKnownFileType = sourcecode.swift; path = SettingsView.swift; sourceTree = "<group>"; };
		FAE8CA1D2F854A040023458E /* KeyboardDismissModifier.swift */ = {isa = PBXFileReference; lastKnownFileType = sourcecode.swift; path = KeyboardDismissModifier.swift; sourceTree = "<group>"; };
/* End PBXFileReference section */

/* Begin PBXFileSystemSynchronizedRootGroup section */
		FA49ECA12F85085600521E9B /* EpisodeTracker */ = {
			isa = PBXFileSystemSynchronizedRootGroup;
			path = EpisodeTracker;
			sourceTree = "<group>";
		};
		FA49ECB12F85085800521E9B /* EpisodeTrackerTests */ = {
			isa = PBXFileSystemSynchronizedRootGroup;
			path = EpisodeTrackerTests;
			sourceTree = "<group>";
		};
		FA49ECBB2F85085800521E9B /* EpisodeTrackerUITests */ = {
			isa = PBXFileSystemSynchronizedRootGroup;
			path = EpisodeTrackerUITests;
			sourceTree = "<group>";
		};
/* End PBXFileSystemSynchronizedRootGroup section */

/* Begin PBXFrameworksBuildPhase section */
		FA49EC9C2F85085600521E9B /* Frameworks */ = {
			isa = PBXFrameworksBuildPhase;
			buildActionMask = 2147483647;
			files = (
			);
			runOnlyForDeploymentPostprocessing = 0;
		};
		FA49ECAB2F85085800521E9B /* Frameworks */ = {
			isa = PBXFrameworksBuildPhase;
			buildActionMask = 2147483647;
			files = (
			);
			runOnlyForDeploymentPostprocessing = 0;
		};
		FA49ECB52F85085800521E9B /* Frameworks */ = {
			isa = PBXFrameworksBuildPhase;
			buildActionMask = 2147483647;
			files = (
			);
			runOnlyForDeploymentPostprocessing = 0;
		};
/* End PBXFrameworksBuildPhase section */

/* Begin PBXGroup section */
		FA49EC962F85085600521E9B = {
			isa = PBXGroup;
			children = (
				FA49ECA12F85085600521E9B /* EpisodeTracker */,
				FA49ECB12F85085800521E9B /* EpisodeTrackerTests */,
				FA49ECBB2F85085800521E9B /* EpisodeTrackerUITests */,
				FA49ECA02F85085600521E9B /* Products */,
				FAE8CA192F85271E0023458E /* SettingsView.swift */,
				FAE8CA1D2F854A040023458E /* KeyboardDismissModifier.swift */,
				FA54EDA32F858FD900CEDE1A /* CatalogModels.swift */,
				FA54EDA52F858FE100CEDE1A /* CatalogParser.swift */,
				FA54EDA72F858FFB00CEDE1A /* CatalogCacheStore.swift */,
				FA54EDA92F85900300CEDE1A /* CatalogRemoteDataSource.swift */,
			);
			sourceTree = "<group>";
		};
		FA49ECA02F85085600521E9B /* Products */ = {
			isa = PBXGroup;
			children = (
				FA49EC9F2F85085600521E9B /* HoerspielLog.app */,
				FA49ECAE2F85085800521E9B /* EpisodeTrackerTests.xctest */,
				FA49ECB82F85085800521E9B /* EpisodeTrackerUITests.xctest */,
			);
			name = Products;
			sourceTree = "<group>";
		};
/* End PBXGroup section */

/* Begin PBXNativeTarget section */
		FA49EC9E2F85085600521E9B /* EpisodeTracker */ = {
			isa = PBXNativeTarget;
			buildConfigurationList = FA49ECC22F85085800521E9B /* Build configuration list for PBXNativeTarget "EpisodeTracker" */;
			buildPhases = (
				FA49EC9B2F85085600521E9B /* Sources */,
				FA49EC9C2F85085600521E9B /* Frameworks */,
				FA49EC9D2F85085600521E9B /* Resources */,
			);
			buildRules = (
			);
			dependencies = (
			);
			fileSystemSynchronizedGroups = (
				FA49ECA12F85085600521E9B /* EpisodeTracker */,
			);
			name = EpisodeTracker;
			packageProductDependencies = (
			);
			productName = EpisodeTracker;
			productReference = FA49EC9F2F85085600521E9B /* HoerspielLog.app */;
			productType = "com.apple.product-type.application";
		};
		FA49ECAD2F85085800521E9B /* EpisodeTrackerTests */ = {
			isa = PBXNativeTarget;
			buildConfigurationList = FA49ECC52F85085800521E9B /* Build configuration list for PBXNativeTarget "EpisodeTrackerTests" */;
			buildPhases = (
				FA49ECAA2F85085800521E9B /* Sources */,
				FA49ECAB2F85085800521E9B /* Frameworks */,
				FA49ECAC2F85085800521E9B /* Resources */,
			);
			buildRules = (
			);
			dependencies = (
				FA49ECB02F85085800521E9B /* PBXTargetDependency */,
			);
			fileSystemSynchronizedGroups = (
				FA49ECB12F85085800521E9B /* EpisodeTrackerTests */,
			);
			name = EpisodeTrackerTests;
			packageProductDependencies = (
			);
			productName = EpisodeTrackerTests;
			productReference = FA49ECAE2F85085800521E9B /* EpisodeTrackerTests.xctest */;
			productType = "com.apple.product-type.bundle.unit-test";
		};
		FA49ECB72F85085800521E9B /* EpisodeTrackerUITests */ = {
			isa = PBXNativeTarget;
			buildConfigurationList = FA49ECC82F85085800521E9B /* Build configuration list for PBXNativeTarget "EpisodeTrackerUITests" */;
			buildPhases = (
				FA49ECB42F85085800521E9B /* Sources */,
				FA49ECB52F85085800521E9B /* Frameworks */,
				FA49ECB62F85085800521E9B /* Resources */,
			);
			buildRules = (
			);
			dependencies = (
				FA49ECBA2F85085800521E9B /* PBXTargetDependency */,
			);
			fileSystemSynchronizedGroups = (
				FA49ECBB2F85085800521E9B /* EpisodeTrackerUITests */,
			);
			name = EpisodeTrackerUITests;
			packageProductDependencies = (
			);
			productName = EpisodeTrackerUITests;
			productReference = FA49ECB82F85085800521E9B /* EpisodeTrackerUITests.xctest */;
			productType = "com.apple.product-type.bundle.ui-testing";
		};
/* End PBXNativeTarget section */

/* Begin PBXProject section */
		FA49EC972F85085600521E9B /* Project object */ = {
			isa = PBXProject;
			attributes = {
				BuildIndependentTargetsInParallel = 1;
				LastSwiftUpdateCheck = 2640;
				LastUpgradeCheck = 2640;
				TargetAttributes = {
					FA49EC9E2F85085600521E9B = {
						CreatedOnToolsVersion = 26.4;
					};
					FA49ECAD2F85085800521E9B = {
						CreatedOnToolsVersion = 26.4;
						TestTargetID = FA49EC9E2F85085600521E9B;
					};
					FA49ECB72F85085800521E9B = {
						CreatedOnToolsVersion = 26.4;
						TestTargetID = FA49EC9E2F85085600521E9B;
					};
				};
			};
			buildConfigurationList = FA49EC9A2F85085600521E9B /* Build configuration list for PBXProject "EpisodeTracker" */;
			developmentRegion = de;
			hasScannedForEncodings = 0;
			knownRegions = (
				de,
				Base,
			);
			mainGroup = FA49EC962F85085600521E9B;
			minimizedProjectReferenceProxies = 1;
			preferredProjectObjectVersion = 77;
			productRefGroup = FA49ECA02F85085600521E9B /* Products */;
			projectDirPath = "";
			projectRoot = "";
			targets = (
				FA49EC9E2F85085600521E9B /* EpisodeTracker */,
				FA49ECAD2F85085800521E9B /* EpisodeTrackerTests */,
				FA49ECB72F85085800521E9B /* EpisodeTrackerUITests */,
			);
		};
/* End PBXProject section */

/* Begin PBXResourcesBuildPhase section */
		FA49EC9D2F85085600521E9B /* Resources */ = {
			isa = PBXResourcesBuildPhase;
			buildActionMask = 2147483647;
			files = (
			);
			runOnlyForDeploymentPostprocessing = 0;
		};
		FA49ECAC2F85085800521E9B /* Resources */ = {
			isa = PBXResourcesBuildPhase;
			buildActionMask = 2147483647;
			files = (
			);
			runOnlyForDeploymentPostprocessing = 0;
		};
		FA49ECB62F85085800521E9B /* Resources */ = {
			isa = PBXResourcesBuildPhase;
			buildActionMask = 2147483647;
			files = (
			);
			runOnlyForDeploymentPostprocessing = 0;
		};
/* End PBXResourcesBuildPhase section */

/* Begin PBXSourcesBuildPhase section */
		FA49EC9B2F85085600521E9B /* Sources */ = {
			isa = PBXSourcesBuildPhase;
			buildActionMask = 2147483647;
			files = (
				FAE8CA1E2F854A040023458E /* KeyboardDismissModifier.swift in Sources */,
				FA54EDA42F858FD900CEDE1A /* CatalogModels.swift in Sources */,
				FA54EDAA2F85900300CEDE1A /* CatalogRemoteDataSource.swift in Sources */,
				FA54EDA62F858FE100CEDE1A /* CatalogParser.swift in Sources */,
				FA54EDA82F858FFB00CEDE1A /* CatalogCacheStore.swift in Sources */,
				FAE8CA1A2F85271E0023458E /* SettingsView.swift in Sources */,
			);
			runOnlyForDeploymentPostprocessing = 0;
		};
		FA49ECAA2F85085800521E9B /* Sources */ = {
			isa = PBXSourcesBuildPhase;
			buildActionMask = 2147483647;
			files = (
			);
			runOnlyForDeploymentPostprocessing = 0;
		};
		FA49ECB42F85085800521E9B /* Sources */ = {
			isa = PBXSourcesBuildPhase;
			buildActionMask = 2147483647;
			files = (
			);
			runOnlyForDeploymentPostprocessing = 0;
		};
/* End PBXSourcesBuildPhase section */

/* Begin PBXTargetDependency section */
		FA49ECB02F85085800521E9B /* PBXTargetDependency */ = {
			isa = PBXTargetDependency;
			target = FA49EC9E2F85085600521E9B /* EpisodeTracker */;
			targetProxy = FA49ECAF2F85085800521E9B /* PBXContainerItemProxy */;
		};
		FA49ECBA2F85085800521E9B /* PBXTargetDependency */ = {
			isa = PBXTargetDependency;
			target = FA49EC9E2F85085600521E9B /* EpisodeTracker */;
			targetProxy = FA49ECB92F85085800521E9B /* PBXContainerItemProxy */;
		};
/* End PBXTargetDependency section */

/* Begin XCBuildConfiguration section */
		FA49ECC02F85085800521E9B /* Debug */ = {
			isa = XCBuildConfiguration;
			buildSettings = {
				ALWAYS_SEARCH_USER_PATHS = NO;
				ASSETCATALOG_COMPILER_GENERATE_SWIFT_ASSET_SYMBOL_EXTENSIONS = YES;
				CLANG_ANALYZER_NONNULL = YES;
				CLANG_ANALYZER_NUMBER_OBJECT_CONVERSION = YES_AGGRESSIVE;
				CLANG_CXX_LANGUAGE_STANDARD = "gnu++20";
				CLANG_ENABLE_MODULES = YES;
				CLANG_ENABLE_OBJC_ARC = YES;
				CLANG_ENABLE_OBJC_WEAK = YES;
				CLANG_WARN_BLOCK_CAPTURE_AUTORELEASING = YES;
				CLANG_WARN_BOOL_CONVERSION = YES;
				CLANG_WARN_COMMA = YES;
				CLANG_WARN_CONSTANT_CONVERSION = YES;
				CLANG_WARN_DEPRECATED_OBJC_IMPLEMENTATIONS = YES;
				CLANG_WARN_DIRECT_OBJC_ISA_USAGE = YES_ERROR;
				CLANG_WARN_DOCUMENTATION_COMMENTS = YES;
				CLANG_WARN_EMPTY_BODY = YES;
				CLANG_WARN_ENUM_CONVERSION = YES;
				CLANG_WARN_INFINITE_RECURSION = YES;
				CLANG_WARN_INT_CONVERSION = YES;
				CLANG_WARN_NON_LITERAL_NULL_CONVERSION = YES;
				CLANG_WARN_OBJC_IMPLICIT_RETAIN_SELF = YES;
				CLANG_WARN_OBJC_LITERAL_CONVERSION = YES;
				CLANG_WARN_OBJC_ROOT_CLASS = YES_ERROR;
				CLANG_WARN_QUOTED_INCLUDE_IN_FRAMEWORK_HEADER = YES;
				CLANG_WARN_RANGE_LOOP_ANALYSIS = YES;
				CLANG_WARN_STRICT_PROTOTYPES = YES;
				CLANG_WARN_SUSPICIOUS_MOVE = YES;
				CLANG_WARN_UNGUARDED_AVAILABILITY = YES_AGGRESSIVE;
				CLANG_WARN_UNREACHABLE_CODE = YES;
				CLANG_WARN__DUPLICATE_METHOD_MATCH = YES;
				COPY_PHASE_STRIP = NO;
				DEBUG_INFORMATION_FORMAT = dwarf;
				DEVELOPMENT_TEAM = 3YVDJZV6GT;
				ENABLE_STRICT_OBJC_MSGSEND = YES;
				ENABLE_TESTABILITY = YES;
				ENABLE_USER_SCRIPT_SANDBOXING = YES;
				GCC_C_LANGUAGE_STANDARD = gnu17;
				GCC_DYNAMIC_NO_PIC = NO;
				GCC_NO_COMMON_BLOCKS = YES;
				GCC_OPTIMIZATION_LEVEL = 0;
				GCC_PREPROCESSOR_DEFINITIONS = (
					"DEBUG=1",
					"$(inherited)",
				);
				GCC_WARN_64_TO_32_BIT_CONVERSION = YES;
				GCC_WARN_ABOUT_RETURN_TYPE = YES_ERROR;
				GCC_WARN_UNDECLARED_SELECTOR = YES;
				GCC_WARN_UNINITIALIZED_AUTOS = YES_AGGRESSIVE;
				GCC_WARN_UNUSED_FUNCTION = YES;
				GCC_WARN_UNUSED_VARIABLE = YES;
				IPHONEOS_DEPLOYMENT_TARGET = 17.0;
				LOCALIZATION_PREFERS_STRING_CATALOGS = YES;
				MTL_ENABLE_DEBUG_INFO = INCLUDE_SOURCE;
				MTL_FAST_MATH = YES;
				ONLY_ACTIVE_ARCH = YES;
				SDKROOT = iphoneos;
				SWIFT_ACTIVE_COMPILATION_CONDITIONS = "DEBUG $(inherited)";
				SWIFT_OPTIMIZATION_LEVEL = "-Onone";
			};
			name = Debug;
		};
		FA49ECC12F85085800521E9B /* Release */ = {
			isa = XCBuildConfiguration;
			buildSettings = {
				ALWAYS_SEARCH_USER_PATHS = NO;
				ASSETCATALOG_COMPILER_GENERATE_SWIFT_ASSET_SYMBOL_EXTENSIONS = YES;
				CLANG_ANALYZER_NONNULL = YES;
				CLANG_ANALYZER_NUMBER_OBJECT_CONVERSION = YES_AGGRESSIVE;
				CLANG_CXX_LANGUAGE_STANDARD = "gnu++20";
				CLANG_ENABLE_MODULES = YES;
				CLANG_ENABLE_OBJC_ARC = YES;
				CLANG_ENABLE_OBJC_WEAK = YES;
				CLANG_WARN_BLOCK_CAPTURE_AUTORELEASING = YES;
				CLANG_WARN_BOOL_CONVERSION = YES;
				CLANG_WARN_COMMA = YES;
				CLANG_WARN_CONSTANT_CONVERSION = YES;
				CLANG_WARN_DEPRECATED_OBJC_IMPLEMENTATIONS = YES;
				CLANG_WARN_DIRECT_OBJC_ISA_USAGE = YES_ERROR;
				CLANG_WARN_DOCUMENTATION_COMMENTS = YES;
				CLANG_WARN_EMPTY_BODY = YES;
				CLANG_WARN_ENUM_CONVERSION = YES;
				CLANG_WARN_INFINITE_RECURSION = YES;
				CLANG_WARN_INT_CONVERSION = YES;
				CLANG_WARN_NON_LITERAL_NULL_CONVERSION = YES;
				CLANG_WARN_OBJC_IMPLICIT_RETAIN_SELF = YES;
				CLANG_WARN_OBJC_LITERAL_CONVERSION = YES;
				CLANG_WARN_OBJC_ROOT_CLASS = YES_ERROR;
				CLANG_WARN_QUOTED_INCLUDE_IN_FRAMEWORK_HEADER = YES;
				CLANG_WARN_RANGE_LOOP_ANALYSIS = YES;
				CLANG_WARN_STRICT_PROTOTYPES = YES;
				CLANG_WARN_SUSPICIOUS_MOVE = YES;
				CLANG_WARN_UNGUARDED_AVAILABILITY = YES_AGGRESSIVE;
				CLANG_WARN_UNREACHABLE_CODE = YES;
				CLANG_WARN__DUPLICATE_METHOD_MATCH = YES;
				COPY_PHASE_STRIP = NO;
				DEBUG_INFORMATION_FORMAT = "dwarf-with-dsym";
				DEVELOPMENT_TEAM = 3YVDJZV6GT;
				ENABLE_NS_ASSERTIONS = NO;
				ENABLE_STRICT_OBJC_MSGSEND = YES;
				ENABLE_USER_SCRIPT_SANDBOXING = YES;
				GCC_C_LANGUAGE_STANDARD = gnu17;
				GCC_NO_COMMON_BLOCKS = YES;
				GCC_WARN_64_TO_32_BIT_CONVERSION = YES;
				GCC_WARN_ABOUT_RETURN_TYPE = YES_ERROR;
				GCC_WARN_UNDECLARED_SELECTOR = YES;
				GCC_WARN_UNINITIALIZED_AUTOS = YES_AGGRESSIVE;
				GCC_WARN_UNUSED_FUNCTION = YES;
				GCC_WARN_UNUSED_VARIABLE = YES;
				IPHONEOS_DEPLOYMENT_TARGET = 17.0;
				LOCALIZATION_PREFERS_STRING_CATALOGS = YES;
				MTL_ENABLE_DEBUG_INFO = NO;
				MTL_FAST_MATH = YES;
				SDKROOT = iphoneos;
				SWIFT_COMPILATION_MODE = wholemodule;
				VALIDATE_PRODUCT = YES;
			};
			name = Release;
		};
		FA49ECC32F85085800521E9B /* Debug */ = {
			isa = XCBuildConfiguration;
			buildSettings = {
				ASSETCATALOG_COMPILER_APPICON_NAME = AppIcon;
				ASSETCATALOG_COMPILER_GLOBAL_ACCENT_COLOR_NAME = AccentColor;
				CODE_SIGN_STYLE = Automatic;
				CURRENT_PROJECT_VERSION = 4;
				DEVELOPMENT_TEAM = 3YVDJZV6GT;
				ENABLE_PREVIEWS = YES;
				GENERATE_INFOPLIST_FILE = YES;
				INFOPLIST_KEY_CFBundleDisplayName = "HörspielLog";
				INFOPLIST_KEY_CFBundleName = "HörspielLog";
				INFOPLIST_KEY_ITSAppUsesNonExemptEncryption = NO;
				INFOPLIST_KEY_LSApplicationCategoryType = "public.app-category.entertainment";
				INFOPLIST_KEY_UIApplicationSceneManifest_Generation = YES;
				INFOPLIST_KEY_UIApplicationSupportsIndirectInputEvents = YES;
				INFOPLIST_KEY_UILaunchScreen_Generation = YES;
				INFOPLIST_KEY_UISupportedInterfaceOrientations_iPad = "UIInterfaceOrientationPortrait UIInterfaceOrientationPortraitUpsideDown UIInterfaceOrientationLandscapeLeft UIInterfaceOrientationLandscapeRight";
				INFOPLIST_KEY_UISupportedInterfaceOrientations_iPhone = "UIInterfaceOrientationPortrait UIInterfaceOrientationLandscapeLeft UIInterfaceOrientationLandscapeRight";
				LD_RUNPATH_SEARCH_PATHS = (
					"$(inherited)",
					"@executable_path/Frameworks",
				);
				MARKETING_VERSION = 1.1;
				PRODUCT_BUNDLE_IDENTIFIER = com.Digi.EpisodeTracker;
				PRODUCT_MODULE_NAME = EpisodeTracker;
				PRODUCT_NAME = HoerspielLog;
				STRING_CATALOG_GENERATE_SYMBOLS = YES;
				SUPPORTED_PLATFORMS = "iphoneos iphonesimulator";
				SUPPORTS_MACCATALYST = NO;
				SUPPORTS_MAC_DESIGNED_FOR_IPHONE_IPAD = NO;
				SUPPORTS_XR_DESIGNED_FOR_IPHONE_IPAD = NO;
				SWIFT_APPROACHABLE_CONCURRENCY = YES;
				SWIFT_DEFAULT_ACTOR_ISOLATION = MainActor;
				SWIFT_EMIT_LOC_STRINGS = YES;
				SWIFT_UPCOMING_FEATURE_MEMBER_IMPORT_VISIBILITY = YES;
				SWIFT_VERSION = 5.0;
				TARGETED_DEVICE_FAMILY = 1;
			};
			name = Debug;
		};
		FA49ECC42F85085800521E9B /* Release */ = {
			isa = XCBuildConfiguration;
			buildSettings = {
				ASSETCATALOG_COMPILER_APPICON_NAME = AppIcon;
				ASSETCATALOG_COMPILER_GLOBAL_ACCENT_COLOR_NAME = AccentColor;
				CODE_SIGN_STYLE = Automatic;
				CURRENT_PROJECT_VERSION = 4;
				DEVELOPMENT_TEAM = 3YVDJZV6GT;
				ENABLE_PREVIEWS = YES;
				GENERATE_INFOPLIST_FILE = YES;
				INFOPLIST_KEY_CFBundleDisplayName = "HörspielLog";
				INFOPLIST_KEY_CFBundleName = "HörspielLog";
				INFOPLIST_KEY_ITSAppUsesNonExemptEncryption = NO;
				INFOPLIST_KEY_LSApplicationCategoryType = "public.app-category.entertainment";
				INFOPLIST_KEY_UIApplicationSceneManifest_Generation = YES;
				INFOPLIST_KEY_UIApplicationSupportsIndirectInputEvents = YES;
				INFOPLIST_KEY_UILaunchScreen_Generation = YES;
				INFOPLIST_KEY_UISupportedInterfaceOrientations_iPad = "UIInterfaceOrientationPortrait UIInterfaceOrientationPortraitUpsideDown UIInterfaceOrientationLandscapeLeft UIInterfaceOrientationLandscapeRight";
				INFOPLIST_KEY_UISupportedInterfaceOrientations_iPhone = "UIInterfaceOrientationPortrait UIInterfaceOrientationLandscapeLeft UIInterfaceOrientationLandscapeRight";
				LD_RUNPATH_SEARCH_PATHS = (
					"$(inherited)",
					"@executable_path/Frameworks",
				);
				MARKETING_VERSION = 1.1;
				PRODUCT_BUNDLE_IDENTIFIER = com.Digi.EpisodeTracker;
				PRODUCT_MODULE_NAME = EpisodeTracker;
				PRODUCT_NAME = HoerspielLog;
				STRING_CATALOG_GENERATE_SYMBOLS = YES;
				SUPPORTED_PLATFORMS = "iphoneos iphonesimulator";
				SUPPORTS_MACCATALYST = NO;
				SUPPORTS_MAC_DESIGNED_FOR_IPHONE_IPAD = NO;
				SUPPORTS_XR_DESIGNED_FOR_IPHONE_IPAD = NO;
				SWIFT_APPROACHABLE_CONCURRENCY = YES;
				SWIFT_DEFAULT_ACTOR_ISOLATION = MainActor;
				SWIFT_EMIT_LOC_STRINGS = YES;
				SWIFT_UPCOMING_FEATURE_MEMBER_IMPORT_VISIBILITY = YES;
				SWIFT_VERSION = 5.0;
				TARGETED_DEVICE_FAMILY = 1;
			};
			name = Release;
		};
		FA49ECC62F85085800521E9B /* Debug */ = {
			isa = XCBuildConfiguration;
			buildSettings = {
				BUNDLE_LOADER = "$(TEST_HOST)";
				CODE_SIGN_STYLE = Automatic;
				CURRENT_PROJECT_VERSION = 1;
				DEVELOPMENT_TEAM = 3YVDJZV6GT;
				GENERATE_INFOPLIST_FILE = YES;
				IPHONEOS_DEPLOYMENT_TARGET = 17.0;
				MARKETING_VERSION = 1.0;
				PRODUCT_BUNDLE_IDENTIFIER = com.Digi.EpisodeTracker.tests;
				PRODUCT_NAME = "$(TARGET_NAME)";
				STRING_CATALOG_GENERATE_SYMBOLS = NO;
				SWIFT_APPROACHABLE_CONCURRENCY = YES;
				SWIFT_EMIT_LOC_STRINGS = NO;
				SWIFT_UPCOMING_FEATURE_MEMBER_IMPORT_VISIBILITY = YES;
				SWIFT_VERSION = 5.0;
				TARGETED_DEVICE_FAMILY = "1,2";
				TEST_HOST = "$(BUILT_PRODUCTS_DIR)/HoerspielLog.app/$(BUNDLE_EXECUTABLE_FOLDER_PATH)/HoerspielLog";
			};
			name = Debug;
		};
		FA49ECC72F85085800521E9B /* Release */ = {
			isa = XCBuildConfiguration;
			buildSettings = {
				BUNDLE_LOADER = "$(TEST_HOST)";
				CODE_SIGN_STYLE = Automatic;
				CURRENT_PROJECT_VERSION = 1;
				DEVELOPMENT_TEAM = 3YVDJZV6GT;
				GENERATE_INFOPLIST_FILE = YES;
				IPHONEOS_DEPLOYMENT_TARGET = 17.0;
				MARKETING_VERSION = 1.0;
				PRODUCT_BUNDLE_IDENTIFIER = com.Digi.EpisodeTracker.tests;
				PRODUCT_NAME = "$(TARGET_NAME)";
				STRING_CATALOG_GENERATE_SYMBOLS = NO;
				SWIFT_APPROACHABLE_CONCURRENCY = YES;
				SWIFT_EMIT_LOC_STRINGS = NO;
				SWIFT_UPCOMING_FEATURE_MEMBER_IMPORT_VISIBILITY = YES;
				SWIFT_VERSION = 5.0;
				TARGETED_DEVICE_FAMILY = "1,2";
				TEST_HOST = "$(BUILT_PRODUCTS_DIR)/HoerspielLog.app/$(BUNDLE_EXECUTABLE_FOLDER_PATH)/HoerspielLog";
			};
			name = Release;
		};
		FA49ECC92F85085800521E9B /* Debug */ = {
			isa = XCBuildConfiguration;
			buildSettings = {
				CODE_SIGN_STYLE = Automatic;
				CURRENT_PROJECT_VERSION = 1;
				DEVELOPMENT_TEAM = 3YVDJZV6GT;
				GENERATE_INFOPLIST_FILE = YES;
				MARKETING_VERSION = 1.0;
				PRODUCT_BUNDLE_IDENTIFIER = com.Digi.EpisodeTracker.uitests;
				PRODUCT_NAME = "$(TARGET_NAME)";
				STRING_CATALOG_GENERATE_SYMBOLS = NO;
				SWIFT_APPROACHABLE_CONCURRENCY = YES;
				SWIFT_EMIT_LOC_STRINGS = NO;
				SWIFT_UPCOMING_FEATURE_MEMBER_IMPORT_VISIBILITY = YES;
				SWIFT_VERSION = 5.0;
				TARGETED_DEVICE_FAMILY = "1,2";
				TEST_TARGET_NAME = EpisodeTracker;
			};
			name = Debug;
		};
		FA49ECCA2F85085800521E9B /* Release */ = {
			isa = XCBuildConfiguration;
			buildSettings = {
				CODE_SIGN_STYLE = Automatic;
				CURRENT_PROJECT_VERSION = 1;
				DEVELOPMENT_TEAM = 3YVDJZV6GT;
				GENERATE_INFOPLIST_FILE = YES;
				MARKETING_VERSION = 1.0;
				PRODUCT_BUNDLE_IDENTIFIER = com.Digi.EpisodeTracker.uitests;
				PRODUCT_NAME = "$(TARGET_NAME)";
				STRING_CATALOG_GENERATE_SYMBOLS = NO;
				SWIFT_APPROACHABLE_CONCURRENCY = YES;
				SWIFT_EMIT_LOC_STRINGS = NO;
				SWIFT_UPCOMING_FEATURE_MEMBER_IMPORT_VISIBILITY = YES;
				SWIFT_VERSION = 5.0;
				TARGETED_DEVICE_FAMILY = "1,2";
				TEST_TARGET_NAME = EpisodeTracker;
			};
			name = Release;
		};
/* End XCBuildConfiguration section */

/* Begin XCConfigurationList section */
		FA49EC9A2F85085600521E9B /* Build configuration list for PBXProject "EpisodeTracker" */ = {
			isa = XCConfigurationList;
			buildConfigurations = (
				FA49ECC02F85085800521E9B /* Debug */,
				FA49ECC12F85085800521E9B /* Release */,
			);
			defaultConfigurationIsVisible = 0;
			defaultConfigurationName = Release;
		};
		FA49ECC22F85085800521E9B /* Build configuration list for PBXNativeTarget "EpisodeTracker" */ = {
			isa = XCConfigurationList;
			buildConfigurations = (
				FA49ECC32F85085800521E9B /* Debug */,
				FA49ECC42F85085800521E9B /* Release */,
			);
			defaultConfigurationIsVisible = 0;
			defaultConfigurationName = Release;
		};
		FA49ECC52F85085800521E9B /* Build configuration list for PBXNativeTarget "EpisodeTrackerTests" */ = {
			isa = XCConfigurationList;
			buildConfigurations = (
				FA49ECC62F85085800521E9B /* Debug */,
				FA49ECC72F85085800521E9B /* Release */,
			);
			defaultConfigurationIsVisible = 0;
			defaultConfigurationName = Release;
		};
		FA49ECC82F85085800521E9B /* Build configuration list for PBXNativeTarget "EpisodeTrackerUITests" */ = {
			isa = XCConfigurationList;
			buildConfigurations = (
				FA49ECC92F85085800521E9B /* Debug */,
				FA49ECCA2F85085800521E9B /* Release */,
			);
			defaultConfigurationIsVisible = 0;
			defaultConfigurationName = Release;
		};
/* End XCConfigurationList section */
	};
	rootObject = FA49EC972F85085600521E9B /* Project object */;
}
